# This file is automatically @generated by Cargo.
# It is not intended for manual editing.
version = 3

[[package]]
name = "query"
version = "0.1.0"
source = "git+https://github.com/h-sumiya/query-parser#aa5fc6e8b528dcf98c755cf82269244362eb2090"

[[package]]
name = "simple16"
version = "0.1.0"
source = "git+https://github.com/h-sumiya/simple16#96d9c99d9798228f30ebf765a57f3458dddf58f3"

[[package]]
name = "tagdb"
version = "0.1.0"
dependencies = [
 "query",
 "simple16",
]
